
Microsoft Visual Studio Solution File, Format Version 12.00
# Visual Studio 15
VisualStudioVersion = 15.0.28307.705
MinimumVisualStudioVersion = 10.0.40219.1
Project("{9A19103F-16F7-4668-BE54-9A1E7A4F7556}") = "UsingDigiKeyApiClient", "UsingDigiKeyApiClient\UsingDigiKeyApiClient.csproj", "{9B5EB381-510E-42DE-9525-F847EF89A06E}"
EndProject
Project("{9A19103F-16F7-4668-BE54-9A1E7A4F7556}") = "BomzerAPI", "BomzerAPI\BomzerAPI.csproj", "{8654A68C-4576-4CF5-9225-0F43EA62D34C}"
EndProject
Project("{2150E333-8FDC-42A3-9474-1A3956D46DE8}") = "Solution Items", "Solution Items", "{46D3D633-3697-436F-8CB2-EA16401A0506}"
	ProjectSection(SolutionItems) = preProject
		apiclient.config = apiclient.config
	EndProjectSection
EndProject
Project("{2150E333-8FDC-42A3-9474-1A3956D46DE8}") = "Assemblies", "Assemblies", "{89D77CA9-3412-4BC3-9184-025B35A7209E}"
EndProject
Project("{FAE04EC0-301F-11D3-BF4B-00C04F79EFBC}") = "ApiClient", "ApiClient\ApiClient.csproj", "{6ED8C7A0-EF8A-418D-BC59-80D4A353FAA3}"
EndProject
Global
	GlobalSection(SolutionConfigurationPlatforms) = preSolution
		Debug|Any CPU = Debug|Any CPU
		Release|Any CPU = Release|Any CPU
	EndGlobalSection
	GlobalSection(ProjectConfigurationPlatforms) = postSolution
		{9B5EB381-510E-42DE-9525-F847EF89A06E}.Debug|Any CPU.ActiveCfg = Debug|Any CPU
		{9B5EB381-510E-42DE-9525-F847EF89A06E}.Debug|Any CPU.Build.0 = Debug|Any CPU
		{9B5EB381-510E-42DE-9525-F847EF89A06E}.Release|Any CPU.ActiveCfg = Release|Any CPU
		{9B5EB381-510E-42DE-9525-F847EF89A06E}.Release|Any CPU.Build.0 = Release|Any CPU
		{8654A68C-4576-4CF5-9225-0F43EA62D34C}.Debug|Any CPU.ActiveCfg = Debug|Any CPU
		{8654A68C-4576-4CF5-9225-0F43EA62D34C}.Debug|Any CPU.Build.0 = Debug|Any CPU
		{8654A68C-4576-4CF5-9225-0F43EA62D34C}.Release|Any CPU.ActiveCfg = Release|Any CPU
		{8654A68C-4576-4CF5-9225-0F43EA62D34C}.Release|Any CPU.Build.0 = Release|Any CPU
		{6ED8C7A0-EF8A-418D-BC59-80D4A353FAA3}.Debug|Any CPU.ActiveCfg = Debug|Any CPU
		{6ED8C7A0-EF8A-418D-BC59-80D4A353FAA3}.Debug|Any CPU.Build.0 = Debug|Any CPU
		{6ED8C7A0-EF8A-418D-BC59-80D4A353FAA3}.Release|Any CPU.ActiveCfg = Release|Any CPU
		{6ED8C7A0-EF8A-418D-BC59-80D4A353FAA3}.Release|Any CPU.Build.0 = Release|Any CPU
	EndGlobalSection
	GlobalSection(SolutionProperties) = preSolution
		HideSolutionNode = FALSE
	EndGlobalSection
	GlobalSection(NestedProjects) = preSolution
		{6ED8C7A0-EF8A-418D-BC59-80D4A353FAA3} = {89D77CA9-3412-4BC3-9184-025B35A7209E}
	EndGlobalSection
	GlobalSection(ExtensibilityGlobals) = postSolution
		SolutionGuid = {760CC666-E167-40A4-9631-EB121080EDFB}
	EndGlobalSection
EndGlobal
